
Microsoft Visual Studio Solution File, Format Version 12.00
# Visual Studio 15
VisualStudioVersion = 15.0.28010.2050
MinimumVisualStudioVersion = 10.0.40219.1
Project("{FAE04EC0-301F-11D3-BF4B-00C04F79EFBC}") = "KursWorkService", "KursWorkService\KursWorkService.csproj", "{FD128597-F898-4DFF-8569-AE87193AD694}"
EndProject
Project("{FAE04EC0-301F-11D3-BF4B-00C04F79EFBC}") = "ConsoleApp1", "..\ConsoleApp1\ConsoleApp1\ConsoleApp1.csproj", "{CBEB90C8-83CC-483D-91DB-DA757DA6D4D4}"
EndProject
Project("{FAE04EC0-301F-11D3-BF4B-00C04F79EFBC}") = "KursWorkSiteClient", "..\KursWorkSiteClient\KursWorkSiteClient\KursWorkSiteClient.csproj", "{1BE66484-FC78-4C5A-89E2-66735DB7F687}"
EndProject
Project("{FAE04EC0-301F-11D3-BF4B-00C04F79EFBC}") = "SocialParser", "SocialParser\SocialParser.csproj", "{7A705618-B4DA-47D3-8572-F871DEE9DCBD}"
EndProject
Project("{FAE04EC0-301F-11D3-BF4B-00C04F79EFBC}") = "User", "User\User.csproj", "{DF0A14EF-BC02-4A6B-B5D1-089561AA53C5}"
EndProject
Project("{FAE04EC0-301F-11D3-BF4B-00C04F79EFBC}") = "Request", "Request\Request.csproj", "{7BAF4F51-7FA2-4E1D-9A58-E10055BAD26A}"
EndProject
Global
	GlobalSection(SolutionConfigurationPlatforms) = preSolution
		Debug|Any CPU = Debug|Any CPU
		Debug|x86 = Debug|x86
		Release|Any CPU = Release|Any CPU
		Release|x86 = Release|x86
	EndGlobalSection
	GlobalSection(ProjectConfigurationPlatforms) = postSolution
		{FD128597-F898-4DFF-8569-AE87193AD694}.Debug|Any CPU.ActiveCfg = Debug|Any CPU
		{FD128597-F898-4DFF-8569-AE87193AD694}.Debug|Any CPU.Build.0 = Debug|Any CPU
		{FD128597-F898-4DFF-8569-AE87193AD694}.Debug|x86.ActiveCfg = Debug|Any CPU
		{FD128597-F898-4DFF-8569-AE87193AD694}.Debug|x86.Build.0 = Debug|Any CPU
		{FD128597-F898-4DFF-8569-AE87193AD694}.Release|Any CPU.ActiveCfg = Release|Any CPU
		{FD128597-F898-4DFF-8569-AE87193AD694}.Release|Any CPU.Build.0 = Release|Any CPU
		{FD128597-F898-4DFF-8569-AE87193AD694}.Release|x86.ActiveCfg = Release|Any CPU
		{FD128597-F898-4DFF-8569-AE87193AD694}.Release|x86.Build.0 = Release|Any CPU
		{CBEB90C8-83CC-483D-91DB-DA757DA6D4D4}.Debug|Any CPU.ActiveCfg = Debug|Any CPU
		{CBEB90C8-83CC-483D-91DB-DA757DA6D4D4}.Debug|Any CPU.Build.0 = Debug|Any CPU
		{CBEB90C8-83CC-483D-91DB-DA757DA6D4D4}.Debug|x86.ActiveCfg = Debug|Any CPU
		{CBEB90C8-83CC-483D-91DB-DA757DA6D4D4}.Debug|x86.Build.0 = Debug|Any CPU
		{CBEB90C8-83CC-483D-91DB-DA757DA6D4D4}.Release|Any CPU.ActiveCfg = Release|Any CPU
		{CBEB90C8-83CC-483D-91DB-DA757DA6D4D4}.Release|Any CPU.Build.0 = Release|Any CPU
		{CBEB90C8-83CC-483D-91DB-DA757DA6D4D4}.Release|x86.ActiveCfg = Release|Any CPU
		{CBEB90C8-83CC-483D-91DB-DA757DA6D4D4}.Release|x86.Build.0 = Release|Any CPU
		{1BE66484-FC78-4C5A-89E2-66735DB7F687}.Debug|Any CPU.ActiveCfg = Debug|Any CPU
		{1BE66484-FC78-4C5A-89E2-66735DB7F687}.Debug|Any CPU.Build.0 = Debug|Any CPU
		{1BE66484-FC78-4C5A-89E2-66735DB7F687}.Debug|x86.ActiveCfg = Debug|Any CPU
		{1BE66484-FC78-4C5A-89E2-66735DB7F687}.Debug|x86.Build.0 = Debug|Any CPU
		{1BE66484-FC78-4C5A-89E2-66735DB7F687}.Release|Any CPU.ActiveCfg = Release|Any CPU
		{1BE66484-FC78-4C5A-89E2-66735DB7F687}.Release|Any CPU.Build.0 = Release|Any CPU
		{1BE66484-FC78-4C5A-89E2-66735DB7F687}.Release|x86.ActiveCfg = Release|Any CPU
		{1BE66484-FC78-4C5A-89E2-66735DB7F687}.Release|x86.Build.0 = Release|Any CPU
		{7A705618-B4DA-47D3-8572-F871DEE9DCBD}.Debug|Any CPU.ActiveCfg = Debug|Any CPU
		{7A705618-B4DA-47D3-8572-F871DEE9DCBD}.Debug|Any CPU.Build.0 = Debug|Any CPU
		{7A705618-B4DA-47D3-8572-F871DEE9DCBD}.Debug|x86.ActiveCfg = Debug|Any CPU
		{7A705618-B4DA-47D3-8572-F871DEE9DCBD}.Debug|x86.Build.0 = Debug|Any CPU
		{7A705618-B4DA-47D3-8572-F871DEE9DCBD}.Release|Any CPU.ActiveCfg = Release|Any CPU
		{7A705618-B4DA-47D3-8572-F871DEE9DCBD}.Release|Any CPU.Build.0 = Release|Any CPU
		{7A705618-B4DA-47D3-8572-F871DEE9DCBD}.Release|x86.ActiveCfg = Release|Any CPU
		{7A705618-B4DA-47D3-8572-F871DEE9DCBD}.Release|x86.Build.0 = Release|Any CPU
		{DF0A14EF-BC02-4A6B-B5D1-089561AA53C5}.Debug|Any CPU.ActiveCfg = Debug|Any CPU
		{DF0A14EF-BC02-4A6B-B5D1-089561AA53C5}.Debug|Any CPU.Build.0 = Debug|Any CPU
		{DF0A14EF-BC02-4A6B-B5D1-089561AA53C5}.Debug|x86.ActiveCfg = Debug|Any CPU
		{DF0A14EF-BC02-4A6B-B5D1-089561AA53C5}.Debug|x86.Build.0 = Debug|Any CPU
		{DF0A14EF-BC02-4A6B-B5D1-089561AA53C5}.Release|Any CPU.ActiveCfg = Release|Any CPU
		{DF0A14EF-BC02-4A6B-B5D1-089561AA53C5}.Release|Any CPU.Build.0 = Release|Any CPU
		{DF0A14EF-BC02-4A6B-B5D1-089561AA53C5}.Release|x86.ActiveCfg = Release|Any CPU
		{DF0A14EF-BC02-4A6B-B5D1-089561AA53C5}.Release|x86.Build.0 = Release|Any CPU
		{7BAF4F51-7FA2-4E1D-9A58-E10055BAD26A}.Debug|Any CPU.ActiveCfg = Debug|Any CPU
		{7BAF4F51-7FA2-4E1D-9A58-E10055BAD26A}.Debug|Any CPU.Build.0 = Debug|Any CPU
		{7BAF4F51-7FA2-4E1D-9A58-E10055BAD26A}.Debug|x86.ActiveCfg = Debug|Any CPU
		{7BAF4F51-7FA2-4E1D-9A58-E10055BAD26A}.Debug|x86.Build.0 = Debug|Any CPU
		{7BAF4F51-7FA2-4E1D-9A58-E10055BAD26A}.Release|Any CPU.ActiveCfg = Release|Any CPU
		{7BAF4F51-7FA2-4E1D-9A58-E10055BAD26A}.Release|Any CPU.Build.0 = Release|Any CPU
		{7BAF4F51-7FA2-4E1D-9A58-E10055BAD26A}.Release|x86.ActiveCfg = Release|Any CPU
		{7BAF4F51-7FA2-4E1D-9A58-E10055BAD26A}.Release|x86.Build.0 = Release|Any CPU
	EndGlobalSection
	GlobalSection(SolutionProperties) = preSolution
		HideSolutionNode = FALSE
	EndGlobalSection
	GlobalSection(ExtensibilityGlobals) = postSolution
		SolutionGuid = {3E536BF5-06CD-4FD1-970B-9E1C0BF23D2C}
	EndGlobalSection
EndGlobal
